
Microsoft Visual Studio Solution File, Format Version 12.00
# Visual Studio 15
Project("{FAE04EC0-301F-11D3-BF4B-00C04F79EFBC}") = "Assembly-CSharp", "Assembly-CSharp.csproj", "{CEA888C6-B799-515A-D2E0-425150809309}"
EndProject
Global
	GlobalSection(SolutionConfigurationPlatforms) = preSolution
		Debug|Any CPU = Debug|Any CPU
		Release|Any CPU = Release|Any CPU
	EndGlobalSection
	GlobalSection(ProjectConfigurationPlatforms) = postSolution
		{CEA888C6-B799-515A-D2E0-425150809309}.Debug|Any CPU.ActiveCfg = Debug|Any CPU
		{CEA888C6-B799-515A-D2E0-425150809309}.Debug|Any CPU.Build.0 = Debug|Any CPU
		{CEA888C6-B799-515A-D2E0-425150809309}.Release|Any CPU.ActiveCfg = Release|Any CPU
		{CEA888C6-B799-515A-D2E0-425150809309}.Release|Any CPU.Build.0 = Release|Any CPU
	EndGlobalSection
	GlobalSection(SolutionProperties) = preSolution
		HideSolutionNode = FALSE
	EndGlobalSection
EndGlobal
